
Microsoft Visual Studio Solution File, Format Version 12.00
# Visual Studio Version 16
VisualStudioVersion = 16.0.30517.126
MinimumVisualStudioVersion = 10.0.40219.1
Project("{FAE04EC0-301F-11D3-BF4B-00C04F79EFBC}") = "TICTacToeGame", "TICTacToeGame.csproj", "{800712B4-CF91-4CA6-90A0-58DE3B018E66}"
EndProject
Global
	GlobalSection(SolutionConfigurationPlatforms) = preSolution
		Debug|Any CPU = Debug|Any CPU
		Release|Any CPU = Release|Any CPU
	EndGlobalSection
	GlobalSection(ProjectConfigurationPlatforms) = postSolution
		{800712B4-CF91-4CA6-90A0-58DE3B018E66}.Debug|Any CPU.ActiveCfg = Debug|Any CPU
		{800712B4-CF91-4CA6-90A0-58DE3B018E66}.Debug|Any CPU.Build.0 = Debug|Any CPU
		{800712B4-CF91-4CA6-90A0-58DE3B018E66}.Release|Any CPU.ActiveCfg = Release|Any CPU
		{800712B4-CF91-4CA6-90A0-58DE3B018E66}.Release|Any CPU.Build.0 = Release|Any CPU
	EndGlobalSection
	GlobalSection(SolutionProperties) = preSolution
		HideSolutionNode = FALSE
	EndGlobalSection
	GlobalSection(ExtensibilityGlobals) = postSolution
		SolutionGuid = {F7BA32F7-96CC-4BDB-876C-72DFC68F8ACC}
	EndGlobalSection
EndGlobal
